// !$*UTF8*$!
{
	archiveVersion = 1;
	classes = {
	};
	objectVersion = 46;
	objects = {

/* Begin PBXBuildFile section */
		25AB29C715E328AB004096CC /* UIKit.framework in Frameworks */ = {isa = PBXBuildFile; fileRef = 25AB29C615E328AB004096CC /* UIKit.framework */; };
		25AB29C915E328AB004096CC /* Foundation.framework in Frameworks */ = {isa = PBXBuildFile; fileRef = 25AB29C815E328AB004096CC /* Foundation.framework */; };
		25AB29CB15E328AB004096CC /* CoreGraphics.framework in Frameworks */ = {isa = PBXBuildFile; fileRef = 25AB29CA15E328AB004096CC /* CoreGraphics.framework */; };
		25AB29D115E328AB004096CC /* InfoPlist.strings in Resources */ = {isa = PBXBuildFile; fileRef = 25AB29CF15E328AB004096CC /* InfoPlist.strings */; };
		25AB29D315E328AB004096CC /* main.m in Sources */ = {isa = PBXBuildFile; fileRef = 25AB29D215E328AB004096CC /* main.m */; };
		25AB29D715E328AB004096CC /* AppDelegate.m in Sources */ = {isa = PBXBuildFile; fileRef = 25AB29D615E328AB004096CC /* AppDelegate.m */; };
		25AB29DF15E328AC004096CC /* SenTestingKit.framework in Frameworks */ = {isa = PBXBuildFile; fileRef = 25AB29DE15E328AC004096CC /* SenTestingKit.framework */; };
		25AB29E015E328AC004096CC /* UIKit.framework in Frameworks */ = {isa = PBXBuildFile; fileRef = 25AB29C615E328AB004096CC /* UIKit.framework */; };
		25AB29E115E328AC004096CC /* Foundation.framework in Frameworks */ = {isa = PBXBuildFile; fileRef = 25AB29C815E328AB004096CC /* Foundation.framework */; };
		25AB29E915E328AC004096CC /* InfoPlist.strings in Resources */ = {isa = PBXBuildFile; fileRef = 25AB29E715E328AC004096CC /* InfoPlist.strings */; };
		25AB29EC15E328AC004096CC /* ToGaTests.m in Sources */ = {isa = PBXBuildFile; fileRef = 25AB29EB15E328AC004096CC /* ToGaTests.m */; };
		25AB29F915E3403C004096CC /* ViewController.m in Sources */ = {isa = PBXBuildFile; fileRef = 25AB29F715E3403C004096CC /* ViewController.m */; };
		25AB29FA15E3403C004096CC /* ViewController.xib in Resources */ = {isa = PBXBuildFile; fileRef = 25AB29F815E3403C004096CC /* ViewController.xib */; };
/* End PBXBuildFile section */

/* Begin PBXContainerItemProxy section */
		25AB29E215E328AC004096CC /* PBXContainerItemProxy */ = {
			isa = PBXContainerItemProxy;
			containerPortal = 25AB29B915E328AB004096CC /* Project object */;
			proxyType = 1;
			remoteGlobalIDString = 25AB29C115E328AB004096CC;
			remoteInfo = ToGa;
		};
/* End PBXContainerItemProxy section */

/* Begin PBXFileReference section */
		25AB29C215E328AB004096CC /* ToGa.app */ = {isa = PBXFileReference; explicitFileType = wrapper.application; includeInIndex = 0; path = ToGa.app; sourceTree = BUILT_PRODUCTS_DIR; };
		25AB29C615E328AB004096CC /* UIKit.framework */ = {isa = PBXFileReference; lastKnownFileType = wrapper.framework; name = UIKit.framework; path = System/Library/Frameworks/UIKit.framework; sourceTree = SDKROOT; };
		25AB29C815E328AB004096CC /* Foundation.framework */ = {isa = PBXFileReference; lastKnownFileType = wrapper.framework; name = Foundation.framework; path = System/Library/Frameworks/Foundation.framework; sourceTree = SDKROOT; };
		25AB29CA15E328AB004096CC /* CoreGraphics.framework */ = {isa = PBXFileReference; lastKnownFileType = wrapper.framework; name = CoreGraphics.framework; path = System/Library/Frameworks/CoreGraphics.framework; sourceTree = SDKROOT; };
		25AB29CE15E328AB004096CC /* ToGa-Info.plist */ = {isa = PBXFileReference; lastKnownFileType = text.plist.xml; path = "ToGa-Info.plist"; sourceTree = "<group>"; };
		25AB29D015E328AB004096CC /* en */ = {isa = PBXFileReference; lastKnownFileType = text.plist.strings; name = en; path = en.lproj/InfoPlist.strings; sourceTree = "<group>"; };
		25AB29D215E328AB004096CC /* main.m */ = {isa = PBXFileReference; lastKnownFileType = sourcecode.c.objc; path = main.m; sourceTree = "<group>"; };
		25AB29D415E328AB004096CC /* ToGa-Prefix.pch */ = {isa = PBXFileReference; lastKnownFileType = sourcecode.c.h; path = "ToGa-Prefix.pch"; sourceTree = "<group>"; };
		25AB29D515E328AB004096CC /* AppDelegate.h */ = {isa = PBXFileReference; lastKnownFileType = sourcecode.c.h; path = AppDelegate.h; sourceTree = "<group>"; };
		25AB29D615E328AB004096CC /* AppDelegate.m */ = {isa = PBXFileReference; lastKnownFileType = sourcecode.c.objc; path = AppDelegate.m; sourceTree = "<group>"; };
		25AB29DD15E328AC004096CC /* ToGaTests.octest */ = {isa = PBXFileReference; explicitFileType = wrapper.cfbundle; includeInIndex = 0; path = ToGaTests.octest; sourceTree = BUILT_PRODUCTS_DIR; };
		25AB29DE15E328AC004096CC /* SenTestingKit.framework */ = {isa = PBXFileReference; lastKnownFileType = wrapper.framework; name = SenTestingKit.framework; path = Library/Frameworks/SenTestingKit.framework; sourceTree = DEVELOPER_DIR; };
		25AB29E615E328AC004096CC /* ToGaTests-Info.plist */ = {isa = PBXFileReference; lastKnownFileType = text.plist.xml; path = "ToGaTests-Info.plist"; sourceTree = "<group>"; };
		25AB29E815E328AC004096CC /* en */ = {isa = PBXFileReference; lastKnownFileType = text.plist.strings; name = en; path = en.lproj/InfoPlist.strings; sourceTree = "<group>"; };
		25AB29EA15E328AC004096CC /* ToGaTests.h */ = {isa = PBXFileReference; lastKnownFileType = sourcecode.c.h; path = ToGaTests.h; sourceTree = "<group>"; };
		25AB29EB15E328AC004096CC /* ToGaTests.m */ = {isa = PBXFileReference; lastKnownFileType = sourcecode.c.objc; path = ToGaTests.m; sourceTree = "<group>"; };
		25AB29F515E3290B004096CC /* ToGa.entitlements */ = {isa = PBXFileReference; lastKnownFileType = text.xml; path = ToGa.entitlements; sourceTree = "<group>"; };
		25AB29F615E3403C004096CC /* ViewController.h */ = {isa = PBXFileReference; fileEncoding = 4; lastKnownFileType = sourcecode.c.h; path = ViewController.h; sourceTree = "<group>"; };
		25AB29F715E3403C004096CC /* ViewController.m */ = {isa = PBXFileReference; fileEncoding = 4; lastKnownFileType = sourcecode.c.objc; path = ViewController.m; sourceTree = "<group>"; };
		25AB29F815E3403C004096CC /* ViewController.xib */ = {isa = PBXFileReference; fileEncoding = 4; lastKnownFileType = file.xib; path = ViewController.xib; sourceTree = "<group>"; };
/* End PBXFileReference section */

/* Begin PBXFrameworksBuildPhase section */
		25AB29BF15E328AB004096CC /* Frameworks */ = {
			isa = PBXFrameworksBuildPhase;
			buildActionMask = 2147483647;
			files = (
				25AB29C715E328AB004096CC /* UIKit.framework in Frameworks */,
				25AB29C915E328AB004096CC /* Foundation.framework in Frameworks */,
				25AB29CB15E328AB004096CC /* CoreGraphics.framework in Frameworks */,
			);
			runOnlyForDeploymentPostprocessing = 0;
		};
		25AB29D915E328AC004096CC /* Frameworks */ = {
			isa = PBXFrameworksBuildPhase;
			buildActionMask = 2147483647;
			files = (
				25AB29DF15E328AC004096CC /* SenTestingKit.framework in Frameworks */,
				25AB29E015E328AC004096CC /* UIKit.framework in Frameworks */,
				25AB29E115E328AC004096CC /* Foundation.framework in Frameworks */,
			);
			runOnlyForDeploymentPostprocessing = 0;
		};
/* End PBXFrameworksBuildPhase section */

/* Begin PBXGroup section */
		25AB29B715E328AB004096CC = {
			isa = PBXGroup;
			children = (
				25AB29CC15E328AB004096CC /* ToGa */,
				25AB29E415E328AC004096CC /* ToGaTests */,
				25AB29C515E328AB004096CC /* Frameworks */,
				25AB29C315E328AB004096CC /* Products */,
			);
			sourceTree = "<group>";
		};
		25AB29C315E328AB004096CC /* Products */ = {
			isa = PBXGroup;
			children = (
				25AB29C215E328AB004096CC /* ToGa.app */,
				25AB29DD15E328AC004096CC /* ToGaTests.octest */,
			);
			name = Products;
			sourceTree = "<group>";
		};
		25AB29C515E328AB004096CC /* Frameworks */ = {
			isa = PBXGroup;
			children = (
				25AB29C615E328AB004096CC /* UIKit.framework */,
				25AB29C815E328AB004096CC /* Foundation.framework */,
				25AB29CA15E328AB004096CC /* CoreGraphics.framework */,
				25AB29DE15E328AC004096CC /* SenTestingKit.framework */,
			);
			name = Frameworks;
			sourceTree = "<group>";
		};
		25AB29CC15E328AB004096CC /* ToGa */ = {
			isa = PBXGroup;
			children = (
				25AB29F615E3403C004096CC /* ViewController.h */,
				25AB29F715E3403C004096CC /* ViewController.m */,
				25AB29F815E3403C004096CC /* ViewController.xib */,
				25AB29F515E3290B004096CC /* ToGa.entitlements */,
				25AB29D515E328AB004096CC /* AppDelegate.h */,
				25AB29D615E328AB004096CC /* AppDelegate.m */,
				25AB29CD15E328AB004096CC /* Supporting Files */,
			);
			path = ToGa;
			sourceTree = "<group>";
		};
		25AB29CD15E328AB004096CC /* Supporting Files */ = {
			isa = PBXGroup;
			children = (
				25AB29CE15E328AB004096CC /* ToGa-Info.plist */,
				25AB29CF15E328AB004096CC /* InfoPlist.strings */,
				25AB29D215E328AB004096CC /* main.m */,
				25AB29D415E328AB004096CC /* ToGa-Prefix.pch */,
			);
			name = "Supporting Files";
			sourceTree = "<group>";
		};
		25AB29E415E328AC004096CC /* ToGaTests */ = {
			isa = PBXGroup;
			children = (
				25AB29EA15E328AC004096CC /* ToGaTests.h */,
				25AB29EB15E328AC004096CC /* ToGaTests.m */,
				25AB29E515E328AC004096CC /* Supporting Files */,
			);
			path = ToGaTests;
			sourceTree = "<group>";
		};
		25AB29E515E328AC004096CC /* Supporting Files */ = {
			isa = PBXGroup;
			children = (
				25AB29E615E328AC004096CC /* ToGaTests-Info.plist */,
				25AB29E715E328AC004096CC /* InfoPlist.strings */,
			);
			name = "Supporting Files";
			sourceTree = "<group>";
		};
/* End PBXGroup section */

/* Begin PBXNativeTarget section */
		25AB29C115E328AB004096CC /* ToGa */ = {
			isa = PBXNativeTarget;
			buildConfigurationList = 25AB29EF15E328AC004096CC /* Build configuration list for PBXNativeTarget "ToGa" */;
			buildPhases = (
				25AB29BE15E328AB004096CC /* Sources */,
				25AB29BF15E328AB004096CC /* Frameworks */,
				25AB29C015E328AB004096CC /* Resources */,
			);
			buildRules = (
			);
			dependencies = (
			);
			name = ToGa;
			productName = ToGa;
			productReference = 25AB29C215E328AB004096CC /* ToGa.app */;
			productType = "com.apple.product-type.application";
		};
		25AB29DC15E328AC004096CC /* ToGaTests */ = {
			isa = PBXNativeTarget;
			buildConfigurationList = 25AB29F215E328AC004096CC /* Build configuration list for PBXNativeTarget "ToGaTests" */;
			buildPhases = (
				25AB29D815E328AC004096CC /* Sources */,
				25AB29D915E328AC004096CC /* Frameworks */,
				25AB29DA15E328AC004096CC /* Resources */,
				25AB29DB15E328AC004096CC /* ShellScript */,
			);
			buildRules = (
			);
			dependencies = (
				25AB29E315E328AC004096CC /* PBXTargetDependency */,
			);
			name = ToGaTests;
			productName = ToGaTests;
			productReference = 25AB29DD15E328AC004096CC /* ToGaTests.octest */;
			productType = "com.apple.product-type.bundle";
		};
/* End PBXNativeTarget section */

/* Begin PBXProject section */
		25AB29B915E328AB004096CC /* Project object */ = {
			isa = PBXProject;
			attributes = {
				LastUpgradeCheck = 0440;
				ORGANIZATIONNAME = "Blake Thomson";
			};
			buildConfigurationList = 25AB29BC15E328AB004096CC /* Build configuration list for PBXProject "ToGa" */;
			compatibilityVersion = "Xcode 3.2";
			developmentRegion = English;
			hasScannedForEncodings = 0;
			knownRegions = (
				en,
			);
			mainGroup = 25AB29B715E328AB004096CC;
			productRefGroup = 25AB29C315E328AB004096CC /* Products */;
			projectDirPath = "";
			projectRoot = "";
			targets = (
				25AB29C115E328AB004096CC /* ToGa */,
				25AB29DC15E328AC004096CC /* ToGaTests */,
			);
		};
/* End PBXProject section */

/* Begin PBXResourcesBuildPhase section */
		25AB29C015E328AB004096CC /* Resources */ = {
			isa = PBXResourcesBuildPhase;
			buildActionMask = 2147483647;
			files = (
				25AB29D115E328AB004096CC /* InfoPlist.strings in Resources */,
				25AB29FA15E3403C004096CC /* ViewController.xib in Resources */,
			);
			runOnlyForDeploymentPostprocessing = 0;
		};
		25AB29DA15E328AC004096CC /* Resources */ = {
			isa = PBXResourcesBuildPhase;
			buildActionMask = 2147483647;
			files = (
				25AB29E915E328AC004096CC /* InfoPlist.strings in Resources */,
			);
			runOnlyForDeploymentPostprocessing = 0;
		};
/* End PBXResourcesBuildPhase section */

/* Begin PBXShellScriptBuildPhase section */
		25AB29DB15E328AC004096CC /* ShellScript */ = {
			isa = PBXShellScriptBuildPhase;
			buildActionMask = 2147483647;
			files = (
			);
			inputPaths = (
			);
			outputPaths = (
			);
			runOnlyForDeploymentPostprocessing = 0;
			shellPath = /bin/sh;
			shellScript = "# Run the unit tests in this test bundle.\n\"${SYSTEM_DEVELOPER_DIR}/Tools/RunUnitTests\"\n";
		};
/* End PBXShellScriptBuildPhase section */

/* Begin PBXSourcesBuildPhase section */
		25AB29BE15E328AB004096CC /* Sources */ = {
			isa = PBXSourcesBuildPhase;
			buildActionMask = 2147483647;
			files = (
				25AB29D315E328AB004096CC /* main.m in Sources */,
				25AB29D715E328AB004096CC /* AppDelegate.m in Sources */,
				25AB29F915E3403C004096CC /* ViewController.m in Sources */,
			);
			runOnlyForDeploymentPostprocessing = 0;
		};
		25AB29D815E328AC004096CC /* Sources */ = {
			isa = PBXSourcesBuildPhase;
			buildActionMask = 2147483647;
			files = (
				25AB29EC15E328AC004096CC /* ToGaTests.m in Sources */,
			);
			runOnlyForDeploymentPostprocessing = 0;
		};
/* End PBXSourcesBuildPhase section */

/* Begin PBXTargetDependency section */
		25AB29E315E328AC004096CC /* PBXTargetDependency */ = {
			isa = PBXTargetDependency;
			target = 25AB29C115E328AB004096CC /* ToGa */;
			targetProxy = 25AB29E215E328AC004096CC /* PBXContainerItemProxy */;
		};
/* End PBXTargetDependency section */

/* Begin PBXVariantGroup section */
		25AB29CF15E328AB004096CC /* InfoPlist.strings */ = {
			isa = PBXVariantGroup;
			children = (
				25AB29D015E328AB004096CC /* en */,
			);
			name = InfoPlist.strings;
			sourceTree = "<group>";
		};
		25AB29E715E328AC004096CC /* InfoPlist.strings */ = {
			isa = PBXVariantGroup;
			children = (
				25AB29E815E328AC004096CC /* en */,
			);
			name = InfoPlist.strings;
			sourceTree = "<group>";
		};
/* End PBXVariantGroup section */

/* Begin XCBuildConfiguration section */
		25AB29ED15E328AC004096CC /* Debug */ = {
			isa = XCBuildConfiguration;
			buildSettings = {
				ALWAYS_SEARCH_USER_PATHS = NO;
				ARCHS = "$(ARCHS_STANDARD_32_BIT)";
				CLANG_CXX_LANGUAGE_STANDARD = "gnu++0x";
				CLANG_ENABLE_OBJC_ARC = YES;
				CLANG_WARN__DUPLICATE_METHOD_MATCH = YES;
				"CODE_SIGN_IDENTITY[sdk=iphoneos*]" = "iPhone Developer";
				COPY_PHASE_STRIP = NO;
				GCC_C_LANGUAGE_STANDARD = gnu99;
				GCC_DYNAMIC_NO_PIC = NO;
				GCC_OPTIMIZATION_LEVEL = 0;
				GCC_PREPROCESSOR_DEFINITIONS = (
					"DEBUG=1",
					"$(inherited)",
				);
				GCC_SYMBOLS_PRIVATE_EXTERN = NO;
				GCC_VERSION = com.apple.compilers.llvm.clang.1_0;
				GCC_WARN_ABOUT_RETURN_TYPE = YES;
				GCC_WARN_UNINITIALIZED_AUTOS = YES;
				GCC_WARN_UNUSED_VARIABLE = YES;
				IPHONEOS_DEPLOYMENT_TARGET = 5.1;
				SDKROOT = iphoneos;
				TARGETED_DEVICE_FAMILY = "1,2";
			};
			name = Debug;
		};
		25AB29EE15E328AC004096CC /* Release */ = {
			isa = XCBuildConfiguration;
			buildSettings = {
				ALWAYS_SEARCH_USER_PATHS = NO;
				ARCHS = "$(ARCHS_STANDARD_32_BIT)";
				CLANG_CXX_LANGUAGE_STANDARD = "gnu++0x";
				CLANG_ENABLE_OBJC_ARC = YES;
				CLANG_WARN__DUPLICATE_METHOD_MATCH = YES;
				"CODE_SIGN_IDENTITY[sdk=iphoneos*]" = "iPhone Developer";
				COPY_PHASE_STRIP = YES;
				GCC_C_LANGUAGE_STANDARD = gnu99;
				GCC_VERSION = com.apple.compilers.llvm.clang.1_0;
				GCC_WARN_ABOUT_RETURN_TYPE = YES;
				GCC_WARN_UNINITIALIZED_AUTOS = YES;
				GCC_WARN_UNUSED_VARIABLE = YES;
				IPHONEOS_DEPLOYMENT_TARGET = 5.1;
				OTHER_CFLAGS = "-DNS_BLOCK_ASSERTIONS=1";
				SDKROOT = iphoneos;
				TARGETED_DEVICE_FAMILY = "1,2";
				VALIDATE_PRODUCT = YES;
			};
			name = Release;
		};
		25AB29F015E328AC004096CC /* Debug */ = {
			isa = XCBuildConfiguration;
			buildSettings = {
				GCC_PRECOMPILE_PREFIX_HEADER = YES;
				GCC_PREFIX_HEADER = "ToGa/ToGa-Prefix.pch";
				INFOPLIST_FILE = "ToGa/ToGa-Info.plist";
				IPHONEOS_DEPLOYMENT_TARGET = 4.2;
				PRODUCT_NAME = "$(TARGET_NAME)";
				WRAPPER_EXTENSION = app;
			};
			name = Debug;
		};
		25AB29F115E328AC004096CC /* Release */ = {
			isa = XCBuildConfiguration;
			buildSettings = {
				GCC_PRECOMPILE_PREFIX_HEADER = YES;
				GCC_PREFIX_HEADER = "ToGa/ToGa-Prefix.pch";
				INFOPLIST_FILE = "ToGa/ToGa-Info.plist";
				IPHONEOS_DEPLOYMENT_TARGET = 4.2;
				PRODUCT_NAME = "$(TARGET_NAME)";
				WRAPPER_EXTENSION = app;
			};
			name = Release;
		};
		25AB29F315E328AC004096CC /* Debug */ = {
			isa = XCBuildConfiguration;
			buildSettings = {
				BUNDLE_LOADER = "$(BUILT_PRODUCTS_DIR)/ToGa.app/ToGa";
				FRAMEWORK_SEARCH_PATHS = (
					"\"$(SDKROOT)/Developer/Library/Frameworks\"",
					"\"$(DEVELOPER_LIBRARY_DIR)/Frameworks\"",
				);
				GCC_PRECOMPILE_PREFIX_HEADER = YES;
				GCC_PREFIX_HEADER = "ToGa/ToGa-Prefix.pch";
				INFOPLIST_FILE = "ToGaTests/ToGaTests-Info.plist";
				PRODUCT_NAME = "$(TARGET_NAME)";
				TEST_HOST = "$(BUNDLE_LOADER)";
				WRAPPER_EXTENSION = octest;
			};
			name = Debug;
		};
		25AB29F415E328AC004096CC /* Release */ = {
			isa = XCBuildConfiguration;
			buildSettings = {
				BUNDLE_LOADER = "$(BUILT_PRODUCTS_DIR)/ToGa.app/ToGa";
				FRAMEWORK_SEARCH_PATHS = (
					"\"$(SDKROOT)/Developer/Library/Frameworks\"",
					"\"$(DEVELOPER_LIBRARY_DIR)/Frameworks\"",
				);
				GCC_PRECOMPILE_PREFIX_HEADER = YES;
				GCC_PREFIX_HEADER = "ToGa/ToGa-Prefix.pch";
				INFOPLIST_FILE = "ToGaTests/ToGaTests-Info.plist";
				PRODUCT_NAME = "$(TARGET_NAME)";
				TEST_HOST = "$(BUNDLE_LOADER)";
				WRAPPER_EXTENSION = octest;
			};
			name = Release;
		};
/* End XCBuildConfiguration section */

/* Begin XCConfigurationList section */
		25AB29BC15E328AB004096CC /* Build configuration list for PBXProject "ToGa" */ = {
			isa = XCConfigurationList;
			buildConfigurations = (
				25AB29ED15E328AC004096CC /* Debug */,
				25AB29EE15E328AC004096CC /* Release */,
			);
			defaultConfigurationIsVisible = 0;
			defaultConfigurationName = Release;
		};
		25AB29EF15E328AC004096CC /* Build configuration list for PBXNativeTarget "ToGa" */ = {
			isa = XCConfigurationList;
			buildConfigurations = (
				25AB29F015E328AC004096CC /* Debug */,
				25AB29F115E328AC004096CC /* Release */,
			);
			defaultConfigurationIsVisible = 0;
		};
		25AB29F215E328AC004096CC /* Build configuration list for PBXNativeTarget "ToGaTests" */ = {
			isa = XCConfigurationList;
			buildConfigurations = (
				25AB29F315E328AC004096CC /* Debug */,
				25AB29F415E328AC004096CC /* Release */,
			);
			defaultConfigurationIsVisible = 0;
		};
/* End XCConfigurationList section */
	};
	rootObject = 25AB29B915E328AB004096CC /* Project object */;
}
